
Microsoft Visual Studio Solution File, Format Version 12.00
# Visual Studio 15
VisualStudioVersion = 15.0.28307.1062
MinimumVisualStudioVersion = 10.0.40219.1
Project("{FAE04EC0-301F-11D3-BF4B-00C04F79EFBC}") = "AmazonAutomation", "AmazonAutomation\AmazonAutomation.csproj", "{0E4BC3C1-5CB9-46AF-AC86-95395ECA31D4}"
EndProject
Global
	GlobalSection(SolutionConfigurationPlatforms) = preSolution
		Debug|Any CPU = Debug|Any CPU
		Release|Any CPU = Release|Any CPU
	EndGlobalSection
	GlobalSection(ProjectConfigurationPlatforms) = postSolution
		{0E4BC3C1-5CB9-46AF-AC86-95395ECA31D4}.Debug|Any CPU.ActiveCfg = Debug|Any CPU
		{0E4BC3C1-5CB9-46AF-AC86-95395ECA31D4}.Debug|Any CPU.Build.0 = Debug|Any CPU
		{0E4BC3C1-5CB9-46AF-AC86-95395ECA31D4}.Release|Any CPU.ActiveCfg = Release|Any CPU
		{0E4BC3C1-5CB9-46AF-AC86-95395ECA31D4}.Release|Any CPU.Build.0 = Release|Any CPU
	EndGlobalSection
	GlobalSection(SolutionProperties) = preSolution
		HideSolutionNode = FALSE
	EndGlobalSection
	GlobalSection(ExtensibilityGlobals) = postSolution
		SolutionGuid = {B8307363-CC7E-4D01-823C-FB1E81D91541}
	EndGlobalSection
EndGlobal
